
Microsoft Visual Studio Solution File, Format Version 11.00
# Visual Studio 2010
Project("{FAE04EC0-301F-11D3-BF4B-00C04F79EFBC}") = "Assembly-CSharp", "Assembly-CSharp.csproj", "{1DD87594-91D7-1A94-DB1C-8BC20BF6B291}"
EndProject
Project("{FAE04EC0-301F-11D3-BF4B-00C04F79EFBC}") = "Assembly-CSharp-Editor", "Assembly-CSharp-Editor.csproj", "{D9E6EE41-F246-4637-1E20-6DE39FF904B0}"
EndProject
Global
	GlobalSection(SolutionConfigurationPlatforms) = preSolution
		Debug|Any CPU = Debug|Any CPU
		Release|Any CPU = Release|Any CPU
	EndGlobalSection
	GlobalSection(ProjectConfigurationPlatforms) = postSolution
		{1DD87594-91D7-1A94-DB1C-8BC20BF6B291}.Debug|Any CPU.ActiveCfg = Debug|Any CPU
		{1DD87594-91D7-1A94-DB1C-8BC20BF6B291}.Debug|Any CPU.Build.0 = Debug|Any CPU
		{1DD87594-91D7-1A94-DB1C-8BC20BF6B291}.Release|Any CPU.ActiveCfg = Release|Any CPU
		{1DD87594-91D7-1A94-DB1C-8BC20BF6B291}.Release|Any CPU.Build.0 = Release|Any CPU
		{D9E6EE41-F246-4637-1E20-6DE39FF904B0}.Debug|Any CPU.ActiveCfg = Debug|Any CPU
		{D9E6EE41-F246-4637-1E20-6DE39FF904B0}.Debug|Any CPU.Build.0 = Debug|Any CPU
		{D9E6EE41-F246-4637-1E20-6DE39FF904B0}.Release|Any CPU.ActiveCfg = Release|Any CPU
		{D9E6EE41-F246-4637-1E20-6DE39FF904B0}.Release|Any CPU.Build.0 = Release|Any CPU
	EndGlobalSection
	GlobalSection(SolutionProperties) = preSolution
		HideSolutionNode = FALSE
	EndGlobalSection
EndGlobal
